
Microsoft Visual Studio Solution File, Format Version 12.00
# Visual Studio Version 17
VisualStudioVersion = 17.14.36301.6 d17.14
MinimumVisualStudioVersion = 10.0.40219.1
Project("{FAE04EC0-301F-11D3-BF4B-00C04F79EFBC}") = "AspNetUtils", "AspNetUtils\AspNetUtils.csproj", "{A87777CE-4C7D-490F-8EC0-E7BFCBE83684}"
EndProject
Global
	GlobalSection(SolutionConfigurationPlatforms) = preSolution
		Debug|Any CPU = Debug|Any CPU
		Release|Any CPU = Release|Any CPU
	EndGlobalSection
	GlobalSection(ProjectConfigurationPlatforms) = postSolution
		{A87777CE-4C7D-490F-8EC0-E7BFCBE83684}.Debug|Any CPU.ActiveCfg = Debug|Any CPU
		{A87777CE-4C7D-490F-8EC0-E7BFCBE83684}.Debug|Any CPU.Build.0 = Debug|Any CPU
		{A87777CE-4C7D-490F-8EC0-E7BFCBE83684}.Release|Any CPU.ActiveCfg = Release|Any CPU
		{A87777CE-4C7D-490F-8EC0-E7BFCBE83684}.Release|Any CPU.Build.0 = Release|Any CPU
	EndGlobalSection
	GlobalSection(SolutionProperties) = preSolution
		HideSolutionNode = FALSE
	EndGlobalSection
	GlobalSection(ExtensibilityGlobals) = postSolution
		SolutionGuid = {EEBF88AC-F7E6-41C1-8C8A-C92E53C2423A}
	EndGlobalSection
EndGlobal
